{
  "version": 4,
  "terraform_version": "1.9.0",
  "serial": 15,
  "lineage": "57ffe06e-cc23-5e62-aab9-20bad83e0936",
  "outputs": {},
  "resources": [
    {
      "mode": "managed",
      "type": "github_repository",
      "name": "sammba",
      "provider": "provider[\"registry.terraform.io/integrations/github\"]",
      "instances": [
        {
          "schema_version": 0,
          "attributes": {
            "allow_auto_merge": false,
            "allow_merge_commit": true,
            "allow_rebase_merge": true,
            "allow_squash_merge": true,
            "archive_on_destroy": null,
            "archived": false,
            "auto_init": null,
            "default_branch": "main",
            "delete_branch_on_merge": false,
            "description": "",
            "etag": "W/\"c63077bba213c96146739a9879db354b2392222f1d0b7e92e1432ebc052f39cd\"",
            "full_name": "Taharka2000/terraformsam",
            "git_clone_url": "git://github.com/Taharka2000/terraformsam.git",
            "gitignore_template": null,
            "has_downloads": false,
            "has_issues": false,
            "has_projects": false,
            "has_wiki": false,
            "homepage_url": "",
            "html_url": "https://github.com/Taharka2000/terraformsam",
            "http_clone_url": "https://github.com/Taharka2000/terraformsam.git",
            "id": "terraformsam",
            "ignore_vulnerability_alerts_during_read": null,
            "is_template": false,
            "license_template": null,
            "merge_commit_message": "PR_TITLE",
            "merge_commit_title": "MERGE_MESSAGE",
            "name": "terraformsam",
            "node_id": "R_kgDOMcNxFQ",
            "pages": [],
            "private": false,
            "repo_id": 834892053,
            "squash_merge_commit_message": "COMMIT_MESSAGES",
            "squash_merge_commit_title": "COMMIT_OR_PR_TITLE",
            "ssh_clone_url": "git@github.com:Taharka2000/terraformsam.git",
            "svn_url": "https://github.com/Taharka2000/terraformsam",
            "template": [],
            "topics": null,
            "visibility": "public",
            "vulnerability_alerts": false
          },
          "sensitive_attributes": [],
          "private": "bnVsbA=="
        }
      ]
    },
    {
      "mode": "managed",
      "type": "null_resource",
      "name": "deploy_react",
      "provider": "provider[\"registry.terraform.io/hashicorp/null\"]",
      "instances": [
        {
          "schema_version": 0,
          "attributes": {
            "id": "7331201249886364412",
            "triggers": {
              "always_run": "2024-07-28T17:20:53Z"
            }
          },
          "sensitive_attributes": [],
          "dependencies": [
            "github_repository.sammba"
          ]
        }
      ]
    }
  ],
  "check_results": null
}
